{
  "originHash" : "893696f7a513e88f2ab9991c60111e3d15b99e8a1ecabfbe13d2ee4a205e5fc0",
  "pins" : [
    {
      "identity" : "coremlzoo",
      "kind" : "remoteSourceControl",
      "location" : "https://github.com/john-rocky/CoreMLZoo.git",
      "state" : {
        "revision" : "42d0002a159d8fb9a3baa2566924722fa97e0c0f",
        "version" : "0.1.1"
      }
    }
  ],
  "version" : 3
}
